// !$*UTF8*$!
{
	archiveVersion = 1;
	classes = {
	};
	objectVersion = 71;
	objects = {

/* Begin PBXBuildFile section */
		111111111111111111111101 /* PinStickyApp.swift in Sources */ = {isa = PBXBuildFile; fileRef = 111111111111111111111001 /* PinStickyApp.swift */; };
		111111111111111111111102 /* AppDelegate.swift in Sources */ = {isa = PBXBuildFile; fileRef = 111111111111111111111002 /* AppDelegate.swift */; };
		111111111111111111111103 /* StickerNote.swift in Sources */ = {isa = PBXBuildFile; fileRef = 111111111111111111111003 /* StickerNote.swift */; };
		111111111111111111111104 /* NoteStore.swift in Sources */ = {isa = PBXBuildFile; fileRef = 111111111111111111111004 /* NoteStore.swift */; };
		111111111111111111111105 /* NoteTheme.swift in Sources */ = {isa = PBXBuildFile; fileRef = 111111111111111111111005 /* NoteTheme.swift */; };
		111111111111111111111106 /* BuiltInThemes.swift in Sources */ = {isa = PBXBuildFile; fileRef = 111111111111111111111006 /* BuiltInThemes.swift */; };
		111111111111111111111107 /* NoteWindowController.swift in Sources */ = {isa = PBXBuildFile; fileRef = 111111111111111111111007 /* NoteWindowController.swift */; };
		111111111111111111111108 /* StickerNoteWindow.swift in Sources */ = {isa = PBXBuildFile; fileRef = 111111111111111111111008 /* StickerNoteWindow.swift */; };
		111111111111111111111109 /* NoteView.swift in Sources */ = {isa = PBXBuildFile; fileRef = 111111111111111111111009 /* NoteView.swift */; };
		111111111111111111111110 /* WindowPlacementManager.swift in Sources */ = {isa = PBXBuildFile; fileRef = 111111111111111111111010 /* WindowPlacementManager.swift */; };
		111111111111111111111111 /* SettingsView.swift in Sources */ = {isa = PBXBuildFile; fileRef = 111111111111111111111011 /* SettingsView.swift */; };
		111111111111111111111112 /* NoteRichTextEditor.swift in Sources */ = {isa = PBXBuildFile; fileRef = 111111111111111111111014 /* NoteRichTextEditor.swift */; };
		111111111111111111111113 /* Assets.xcassets in Resources */ = {isa = PBXBuildFile; fileRef = 111111111111111111111015 /* Assets.xcassets */; };
		111111111111111111111114 /* Paperlogy-7Bold.ttf in Resources */ = {isa = PBXBuildFile; fileRef = 111111111111111111111016 /* Paperlogy-7Bold.ttf */; };
		111111111111111111111115 /* Paperlogy-6SemiBold.ttf in Resources */ = {isa = PBXBuildFile; fileRef = 111111111111111111111017 /* Paperlogy-6SemiBold.ttf */; };
		222222222222222222221101 /* NoteListView.swift in Sources */ = {isa = PBXBuildFile; fileRef = 222222222222222222221001 /* NoteListView.swift */; };
/* End PBXBuildFile section */

/* Begin PBXFileReference section */
		111111111111111111110001 /* PinSticky.app */ = {isa = PBXFileReference; explicitFileType = wrapper.application; includeInIndex = 0; path = PinSticky.app; sourceTree = BUILT_PRODUCTS_DIR; };
		111111111111111111111001 /* PinStickyApp.swift */ = {isa = PBXFileReference; lastKnownFileType = sourcecode.swift; path = PinStickyApp.swift; sourceTree = "<group>"; };
		111111111111111111111002 /* AppDelegate.swift */ = {isa = PBXFileReference; lastKnownFileType = sourcecode.swift; path = AppDelegate.swift; sourceTree = "<group>"; };
		111111111111111111111003 /* StickerNote.swift */ = {isa = PBXFileReference; lastKnownFileType = sourcecode.swift; path = StickerNote.swift; sourceTree = "<group>"; };
		111111111111111111111004 /* NoteStore.swift */ = {isa = PBXFileReference; lastKnownFileType = sourcecode.swift; path = NoteStore.swift; sourceTree = "<group>"; };
		111111111111111111111005 /* NoteTheme.swift */ = {isa = PBXFileReference; lastKnownFileType = sourcecode.swift; path = NoteTheme.swift; sourceTree = "<group>"; };
		111111111111111111111006 /* BuiltInThemes.swift */ = {isa = PBXFileReference; lastKnownFileType = sourcecode.swift; path = BuiltInThemes.swift; sourceTree = "<group>"; };
		111111111111111111111007 /* NoteWindowController.swift */ = {isa = PBXFileReference; lastKnownFileType = sourcecode.swift; path = NoteWindowController.swift; sourceTree = "<group>"; };
		111111111111111111111008 /* StickerNoteWindow.swift */ = {isa = PBXFileReference; lastKnownFileType = sourcecode.swift; path = StickerNoteWindow.swift; sourceTree = "<group>"; };
		111111111111111111111009 /* NoteView.swift */ = {isa = PBXFileReference; lastKnownFileType = sourcecode.swift; path = NoteView.swift; sourceTree = "<group>"; };
		111111111111111111111010 /* WindowPlacementManager.swift */ = {isa = PBXFileReference; lastKnownFileType = sourcecode.swift; path = WindowPlacementManager.swift; sourceTree = "<group>"; };
		111111111111111111111011 /* SettingsView.swift */ = {isa = PBXFileReference; lastKnownFileType = sourcecode.swift; path = SettingsView.swift; sourceTree = "<group>"; };
		111111111111111111111012 /* Info.plist */ = {isa = PBXFileReference; lastKnownFileType = text.plist.xml; path = Info.plist; sourceTree = "<group>"; };
		111111111111111111111013 /* PinSticky.entitlements */ = {isa = PBXFileReference; lastKnownFileType = text.plist.entitlements; path = PinSticky.entitlements; sourceTree = "<group>"; };
		111111111111111111111014 /* NoteRichTextEditor.swift */ = {isa = PBXFileReference; lastKnownFileType = sourcecode.swift; path = NoteRichTextEditor.swift; sourceTree = "<group>"; };
		111111111111111111111015 /* Assets.xcassets */ = {isa = PBXFileReference; lastKnownFileType = folder.assetcatalog; path = Assets.xcassets; sourceTree = "<group>"; };
		111111111111111111111016 /* Paperlogy-7Bold.ttf */ = {isa = PBXFileReference; lastKnownFileType = file; path = "Paperlogy-7Bold.ttf"; sourceTree = "<group>"; };
		111111111111111111111017 /* Paperlogy-6SemiBold.ttf */ = {isa = PBXFileReference; lastKnownFileType = file; path = "Paperlogy-6SemiBold.ttf"; sourceTree = "<group>"; };
		222222222222222222221001 /* NoteListView.swift */ = {isa = PBXFileReference; lastKnownFileType = sourcecode.swift; path = NoteListView.swift; sourceTree = "<group>"; };
/* End PBXFileReference section */

/* Begin PBXGroup section */
		111111111111111111110002 = {
			isa = PBXGroup;
			children = (
				111111111111111111110003 /* PinSticky */,
				111111111111111111110004 /* Products */,
			);
			sourceTree = "<group>";
		};
		111111111111111111110003 /* PinSticky */ = {
			isa = PBXGroup;
			children = (
				111111111111111111110011 /* App */,
				111111111111111111110012 /* Models */,
				111111111111111111110013 /* Persistence */,
				111111111111111111110014 /* Themes */,
				111111111111111111110015 /* Notes */,
				111111111111111111110016 /* WindowManagement */,
				111111111111111111110017 /* Settings */,
				222222222222222222220018 /* Resources */,
				111111111111111111111015 /* Assets.xcassets */,
				111111111111111111111012 /* Info.plist */,
				111111111111111111111013 /* PinSticky.entitlements */,
			);
			path = PinSticky;
			sourceTree = "<group>";
		};
		111111111111111111110004 /* Products */ = {
			isa = PBXGroup;
			children = (
				111111111111111111110001 /* PinSticky.app */,
			);
			name = Products;
			sourceTree = "<group>";
		};
		111111111111111111110011 /* App */ = {
			isa = PBXGroup;
			children = (
				111111111111111111111001 /* PinStickyApp.swift */,
				111111111111111111111002 /* AppDelegate.swift */,
			);
			path = App;
			sourceTree = "<group>";
		};
		111111111111111111110012 /* Models */ = {
			isa = PBXGroup;
			children = (
				111111111111111111111003 /* StickerNote.swift */,
			);
			path = Models;
			sourceTree = "<group>";
		};
		111111111111111111110013 /* Persistence */ = {
			isa = PBXGroup;
			children = (
				111111111111111111111004 /* NoteStore.swift */,
			);
			path = Persistence;
			sourceTree = "<group>";
		};
		111111111111111111110014 /* Themes */ = {
			isa = PBXGroup;
			children = (
				111111111111111111111005 /* NoteTheme.swift */,
				111111111111111111111006 /* BuiltInThemes.swift */,
			);
			path = Themes;
			sourceTree = "<group>";
		};
		111111111111111111110015 /* Notes */ = {
			isa = PBXGroup;
			children = (
				111111111111111111111007 /* NoteWindowController.swift */,
				111111111111111111111008 /* StickerNoteWindow.swift */,
				111111111111111111111009 /* NoteView.swift */,
				111111111111111111111014 /* NoteRichTextEditor.swift */,
			);
			path = Notes;
			sourceTree = "<group>";
		};
		111111111111111111110016 /* WindowManagement */ = {
			isa = PBXGroup;
			children = (
				111111111111111111111010 /* WindowPlacementManager.swift */,
			);
			path = WindowManagement;
			sourceTree = "<group>";
		};
		111111111111111111110017 /* Settings */ = {
			isa = PBXGroup;
			children = (
				111111111111111111111011 /* SettingsView.swift */,
				222222222222222222221001 /* NoteListView.swift */,
			);
			path = Settings;
			sourceTree = "<group>";
		};
		222222222222222222220018 /* Resources */ = {
			isa = PBXGroup;
			children = (
				222222222222222222220019 /* Fonts */,
			);
			path = Resources;
			sourceTree = "<group>";
		};
		222222222222222222220019 /* Fonts */ = {
			isa = PBXGroup;
			children = (
				111111111111111111111016 /* Paperlogy-7Bold.ttf */,
				111111111111111111111017 /* Paperlogy-6SemiBold.ttf */,
			);
			path = Fonts;
			sourceTree = "<group>";
		};
/* End PBXGroup section */

/* Begin PBXNativeTarget section */
		111111111111111111110005 /* PinSticky */ = {
			isa = PBXNativeTarget;
			buildConfigurationList = 111111111111111111110010 /* Build configuration list for PBXNativeTarget "PinSticky" */;
			buildPhases = (
				111111111111111111110006 /* Sources */,
				111111111111111111110008 /* Resources */,
			);
			buildRules = (
			);
			dependencies = (
			);
			name = PinSticky;
			productName = PinSticky;
			productReference = 111111111111111111110001 /* PinSticky.app */;
			productType = "com.apple.product-type.application";
		};
/* End PBXNativeTarget section */

/* Begin PBXProject section */
		111111111111111111110000 /* Project object */ = {
			isa = PBXProject;
			attributes = {
				BuildIndependentTargetsInParallel = 1;
				LastSwiftUpdateCheck = 2660;
				LastUpgradeCheck = 2660;
				TargetAttributes = {
					111111111111111111110005 = {
						CreatedOnToolsVersion = 26.6;
					};
				};
			};
			buildConfigurationList = 111111111111111111110009 /* Build configuration list for PBXProject "PinSticky" */;
			compatibilityVersion = "Xcode 16.0";
			developmentRegion = en;
			hasScannedForEncodings = 0;
			knownRegions = (
				en,
				Base,
			);
			mainGroup = 111111111111111111110002;
			productRefGroup = 111111111111111111110004 /* Products */;
			projectDirPath = "";
			projectRoot = "";
			targets = (
				111111111111111111110005 /* PinSticky */,
			);
		};
/* End PBXProject section */

/* Begin PBXResourcesBuildPhase section */
		111111111111111111110008 /* Resources */ = {
			isa = PBXResourcesBuildPhase;
			buildActionMask = 2147483647;
			files = (
				111111111111111111111113 /* Assets.xcassets in Resources */,
				111111111111111111111114 /* Paperlogy-7Bold.ttf in Resources */,
				111111111111111111111115 /* Paperlogy-6SemiBold.ttf in Resources */,
			);
			runOnlyForDeploymentPostprocessing = 0;
		};
/* End PBXResourcesBuildPhase section */

/* Begin PBXSourcesBuildPhase section */
		111111111111111111110006 /* Sources */ = {
			isa = PBXSourcesBuildPhase;
			buildActionMask = 2147483647;
			files = (
				111111111111111111111101 /* PinStickyApp.swift in Sources */,
				111111111111111111111102 /* AppDelegate.swift in Sources */,
				111111111111111111111103 /* StickerNote.swift in Sources */,
				111111111111111111111104 /* NoteStore.swift in Sources */,
				111111111111111111111105 /* NoteTheme.swift in Sources */,
				111111111111111111111106 /* BuiltInThemes.swift in Sources */,
				111111111111111111111107 /* NoteWindowController.swift in Sources */,
				111111111111111111111108 /* StickerNoteWindow.swift in Sources */,
				111111111111111111111109 /* NoteView.swift in Sources */,
				111111111111111111111112 /* NoteRichTextEditor.swift in Sources */,
				111111111111111111111110 /* WindowPlacementManager.swift in Sources */,
				111111111111111111111111 /* SettingsView.swift in Sources */,
				222222222222222222221101 /* NoteListView.swift in Sources */,
			);
			runOnlyForDeploymentPostprocessing = 0;
		};
/* End PBXSourcesBuildPhase section */

/* Begin XCBuildConfiguration section */
		111111111111111111110018 /* Debug */ = {
			isa = XCBuildConfiguration;
			buildSettings = {
				ALWAYS_SEARCH_USER_PATHS = NO;
				CLANG_ANALYZER_NONNULL = YES;
				CLANG_ANALYZER_NUMBER_OBJECT_CONVERSION = YES_AGGRESSIVE;
				CLANG_CXX_LANGUAGE_STANDARD = "gnu++20";
				CLANG_ENABLE_MODULES = YES;
				CLANG_ENABLE_OBJC_ARC = YES;
				CLANG_ENABLE_OBJC_WEAK = YES;
				CLANG_WARN_BLOCK_CAPTURE_AUTORELEASING = YES;
				CLANG_WARN_BOOL_CONVERSION = YES;
				CLANG_WARN_COMMA = YES;
				CLANG_WARN_CONSTANT_CONVERSION = YES;
				CLANG_WARN_DEPRECATED_OBJC_IMPLEMENTATIONS = YES;
				CLANG_WARN_DIRECT_OBJC_ISA_USAGE = YES_ERROR;
				CLANG_WARN_DOCUMENTATION_COMMENTS = YES;
				CLANG_WARN_EMPTY_BODY = YES;
				CLANG_WARN_ENUM_CONVERSION = YES;
				CLANG_WARN_INFINITE_RECURSION = YES;
				CLANG_WARN_INT_CONVERSION = YES;
				CLANG_WARN_NON_LITERAL_NULL_CONVERSION = YES;
				CLANG_WARN_OBJC_IMPLICIT_RETAIN_SELF = YES;
				CLANG_WARN_OBJC_LITERAL_CONVERSION = YES;
				CLANG_WARN_OBJC_ROOT_CLASS = YES_ERROR;
				CLANG_WARN_QUOTED_INCLUDE_IN_FRAMEWORK_HEADER = YES;
				CLANG_WARN_RANGE_LOOP_ANALYSIS = YES;
				CLANG_WARN_STRICT_PROTOTYPES = YES;
				CLANG_WARN_SUSPICIOUS_MOVE = YES;
				CLANG_WARN_UNGUARDED_AVAILABILITY = YES_AGGRESSIVE;
				CLANG_WARN_UNREACHABLE_CODE = YES;
				CLANG_WARN__DUPLICATE_METHOD_MATCH = YES;
				COPY_PHASE_STRIP = NO;
				DEBUG_INFORMATION_FORMAT = dwarf;
				ENABLE_STRICT_OBJC_MSGSEND = YES;
				ENABLE_TESTABILITY = YES;
				ENABLE_USER_SCRIPT_SANDBOXING = YES;
				GCC_C_LANGUAGE_STANDARD = gnu17;
				GCC_DYNAMIC_NO_PIC = NO;
				GCC_NO_COMMON_BLOCKS = YES;
				GCC_OPTIMIZATION_LEVEL = 0;
				GCC_PREPROCESSOR_DEFINITIONS = (
					"DEBUG=1",
					"$(inherited)",
				);
				GCC_WARN_64_TO_32_BIT_CONVERSION = YES;
				GCC_WARN_ABOUT_RETURN_TYPE = YES_ERROR;
				GCC_WARN_UNDECLARED_SELECTOR = YES;
				GCC_WARN_UNINITIALIZED_AUTOS = YES_AGGRESSIVE;
				GCC_WARN_UNUSED_FUNCTION = YES;
				GCC_WARN_UNUSED_VARIABLE = YES;
				MACOSX_DEPLOYMENT_TARGET = 13.0;
				MTL_ENABLE_DEBUG_INFO = INCLUDE_SOURCE;
				MTL_FAST_MATH = YES;
				ONLY_ACTIVE_ARCH = YES;
				SDKROOT = macosx;
				SWIFT_ACTIVE_COMPILATION_CONDITIONS = DEBUG;
				SWIFT_OPTIMIZATION_LEVEL = "-Onone";
			};
			name = Debug;
		};
		111111111111111111110019 /* Release */ = {
			isa = XCBuildConfiguration;
			buildSettings = {
				ALWAYS_SEARCH_USER_PATHS = NO;
				CLANG_ANALYZER_NONNULL = YES;
				CLANG_ANALYZER_NUMBER_OBJECT_CONVERSION = YES_AGGRESSIVE;
				CLANG_CXX_LANGUAGE_STANDARD = "gnu++20";
				CLANG_ENABLE_MODULES = YES;
				CLANG_ENABLE_OBJC_ARC = YES;
				CLANG_ENABLE_OBJC_WEAK = YES;
				CLANG_WARN_BLOCK_CAPTURE_AUTORELEASING = YES;
				CLANG_WARN_BOOL_CONVERSION = YES;
				CLANG_WARN_COMMA = YES;
				CLANG_WARN_CONSTANT_CONVERSION = YES;
				CLANG_WARN_DEPRECATED_OBJC_IMPLEMENTATIONS = YES;
				CLANG_WARN_DIRECT_OBJC_ISA_USAGE = YES_ERROR;
				CLANG_WARN_DOCUMENTATION_COMMENTS = YES;
				CLANG_WARN_EMPTY_BODY = YES;
				CLANG_WARN_ENUM_CONVERSION = YES;
				CLANG_WARN_INFINITE_RECURSION = YES;
				CLANG_WARN_INT_CONVERSION = YES;
				CLANG_WARN_NON_LITERAL_NULL_CONVERSION = YES;
				CLANG_WARN_OBJC_IMPLICIT_RETAIN_SELF = YES;
				CLANG_WARN_OBJC_LITERAL_CONVERSION = YES;
				CLANG_WARN_OBJC_ROOT_CLASS = YES_ERROR;
				CLANG_WARN_QUOTED_INCLUDE_IN_FRAMEWORK_HEADER = YES;
				CLANG_WARN_RANGE_LOOP_ANALYSIS = YES;
				CLANG_WARN_STRICT_PROTOTYPES = YES;
				CLANG_WARN_SUSPICIOUS_MOVE = YES;
				CLANG_WARN_UNGUARDED_AVAILABILITY = YES_AGGRESSIVE;
				CLANG_WARN_UNREACHABLE_CODE = YES;
				CLANG_WARN__DUPLICATE_METHOD_MATCH = YES;
				COPY_PHASE_STRIP = NO;
				DEBUG_INFORMATION_FORMAT = "dwarf-with-dsym";
				ENABLE_NS_ASSERTIONS = NO;
				ENABLE_STRICT_OBJC_MSGSEND = YES;
				ENABLE_USER_SCRIPT_SANDBOXING = YES;
				GCC_C_LANGUAGE_STANDARD = gnu17;
				GCC_NO_COMMON_BLOCKS = YES;
				GCC_WARN_64_TO_32_BIT_CONVERSION = YES;
				GCC_WARN_ABOUT_RETURN_TYPE = YES_ERROR;
				GCC_WARN_UNDECLARED_SELECTOR = YES;
				GCC_WARN_UNINITIALIZED_AUTOS = YES_AGGRESSIVE;
				GCC_WARN_UNUSED_FUNCTION = YES;
				GCC_WARN_UNUSED_VARIABLE = YES;
				MACOSX_DEPLOYMENT_TARGET = 13.0;
				MTL_ENABLE_DEBUG_INFO = NO;
				MTL_FAST_MATH = YES;
				SDKROOT = macosx;
				SWIFT_COMPILATION_MODE = wholemodule;
			};
			name = Release;
		};
		111111111111111111110020 /* Debug */ = {
			isa = XCBuildConfiguration;
			buildSettings = {
				ASSETCATALOG_COMPILER_APPICON_NAME = AppIcon;
				CODE_SIGN_ENTITLEMENTS = PinSticky/PinSticky.entitlements;
				CODE_SIGN_STYLE = Automatic;
				COMBINE_HIDPI_IMAGES = YES;
				CURRENT_PROJECT_VERSION = 1;
				DEVELOPMENT_TEAM = "";
				ENABLE_HARDENED_RUNTIME = YES;
				GENERATE_INFOPLIST_FILE = NO;
				INFOPLIST_FILE = PinSticky/Info.plist;
				INFOPLIST_KEY_LSApplicationCategoryType = "public.app-category.productivity";
				LD_RUNPATH_SEARCH_PATHS = (
					"$(inherited)",
					"@executable_path/../Frameworks",
				);
				MARKETING_VERSION = 1.0;
				PRODUCT_BUNDLE_IDENTIFIER = com.baekmac.PinSticky;
				PRODUCT_NAME = "$(TARGET_NAME)";
				SWIFT_EMIT_LOC_STRINGS = YES;
				SWIFT_VERSION = 6.0;
			};
			name = Debug;
		};
		111111111111111111110021 /* Release */ = {
			isa = XCBuildConfiguration;
			buildSettings = {
				ASSETCATALOG_COMPILER_APPICON_NAME = AppIcon;
				CODE_SIGN_ENTITLEMENTS = PinSticky/PinSticky.entitlements;
				CODE_SIGN_STYLE = Automatic;
				COMBINE_HIDPI_IMAGES = YES;
				CURRENT_PROJECT_VERSION = 1;
				DEVELOPMENT_TEAM = "";
				ENABLE_HARDENED_RUNTIME = YES;
				GENERATE_INFOPLIST_FILE = NO;
				INFOPLIST_FILE = PinSticky/Info.plist;
				INFOPLIST_KEY_LSApplicationCategoryType = "public.app-category.productivity";
				LD_RUNPATH_SEARCH_PATHS = (
					"$(inherited)",
					"@executable_path/../Frameworks",
				);
				MARKETING_VERSION = 1.0;
				PRODUCT_BUNDLE_IDENTIFIER = com.baekmac.PinSticky;
				PRODUCT_NAME = "$(TARGET_NAME)";
				SWIFT_EMIT_LOC_STRINGS = YES;
				SWIFT_VERSION = 6.0;
			};
			name = Release;
		};
/* End XCBuildConfiguration section */

/* Begin XCConfigurationList section */
		111111111111111111110009 /* Build configuration list for PBXProject "PinSticky" */ = {
			isa = XCConfigurationList;
			buildConfigurations = (
				111111111111111111110018 /* Debug */,
				111111111111111111110019 /* Release */,
			);
			defaultConfigurationIsVisible = 0;
			defaultConfigurationName = Release;
		};
		111111111111111111110010 /* Build configuration list for PBXNativeTarget "PinSticky" */ = {
			isa = XCConfigurationList;
			buildConfigurations = (
				111111111111111111110020 /* Debug */,
				111111111111111111110021 /* Release */,
			);
			defaultConfigurationIsVisible = 0;
			defaultConfigurationName = Release;
		};
/* End XCConfigurationList section */
	};
	rootObject = 111111111111111111110000 /* Project object */;
}
